# generated by rye
# use `rye lock` or `rye sync` to update this lockfile
#
# last locked with the following flags:
#   pre: false
#   features: []
#   all-features: false
#   with-sources: false

-e file:.
absl-py==2.1.0
    # via chex
    # via optax
chex==0.1.86
    # via optax
jax==0.4.28
    # via chex
    # via jaximal
    # via optax
jaxlib==0.4.28
    # via chex
    # via jaximal
    # via optax
jaxtyping==0.2.29
    # via jaximal
ml-dtypes==0.4.0
    # via jax
    # via jaxlib
numpy==1.26.4
    # via chex
    # via jax
    # via jaxlib
    # via ml-dtypes
    # via opt-einsum
    # via optax
    # via scipy
opt-einsum==3.3.0
    # via jax
optax==0.2.2
    # via jaximal
safetensors==0.4.3
    # via jaximal
scipy==1.13.1
    # via jax
    # via jaxlib
setuptools==70.0.0
    # via chex
toolz==0.12.1
    # via chex
typeguard==2.13.3
    # via jaxtyping
typing-extensions==4.12.1
    # via chex
