lockfileVersion: '9.0'

settings:
  autoInstallPeers: true
  excludeLinksFromLockfile: false

importers:

  .:
    dependencies:
      '@gradio/atoms':
        specifier: 0.2.1
        version: 0.2.1(svelte@4.2.8)
      '@gradio/button':
        specifier: 0.2.3
        version: 0.2.3(svelte@4.2.8)
      '@gradio/client':
        specifier: 0.7.2
        version: 0.7.2
      '@gradio/icons':
        specifier: 0.2.0
        version: 0.2.0
      '@gradio/statustracker':
        specifier: 0.3.1
        version: 0.3.1(svelte@4.2.8)
      '@gradio/upload':
        specifier: 0.3.3
        version: 0.3.3(svelte@4.2.8)
      '@gradio/utils':
        specifier: 0.2.0
        version: 0.2.0(svelte@4.2.8)
      '@gradio/wasm':
        specifier: 0.2.0
        version: 0.2.0
      '@types/wavesurfer.js':
        specifier: ^6.0.10
        version: 6.0.10
      extendable-media-recorder:
        specifier: ^9.0.0
        version: 9.0.0
      extendable-media-recorder-wav-encoder:
        specifier: ^7.0.76
        version: 7.0.76
      resize-observer-polyfill:
        specifier: ^1.5.1
        version: 1.5.1
      svelte-range-slider-pips:
        specifier: ^2.0.1
        version: 2.0.1
      wavesurfer.js:
        specifier: ^7.4.2
        version: 7.4.2

packages:

  '@ampproject/remapping@2.2.1':
    resolution: {integrity: sha512-lFMjJTrFL3j7L9yBxwYfCq2k6qqwHyzuUl/XBnif78PWTJYyL/dfowQHWE3sp6U6ZzqWiiIZnpTMO96zhkjwtg==}
    engines: {node: '>=6.0.0'}

  '@babel/runtime@7.23.8':
    resolution: {integrity: sha512-Y7KbAP984rn1VGMbGqKmBLio9V7y5Je9GvU4rQPCPinCyNfUcToxIXl06d59URp/F3LwinvODxab5N/G6qggkw==}
    engines: {node: '>=6.9.0'}

  '@esbuild/aix-ppc64@0.19.11':
    resolution: {integrity: sha512-FnzU0LyE3ySQk7UntJO4+qIiQgI7KoODnZg5xzXIrFJlKd2P2gwHsHY4927xj9y5PJmJSzULiUCWmv7iWnNa7g==}
    engines: {node: '>=12'}
    cpu: [ppc64]
    os: [aix]

  '@esbuild/android-arm64@0.19.11':
    resolution: {integrity: sha512-aiu7K/5JnLj//KOnOfEZ0D90obUkRzDMyqd/wNAUQ34m4YUPVhRZpnqKV9uqDGxT7cToSDnIHsGooyIczu9T+Q==}
    engines: {node: '>=12'}
    cpu: [arm64]
    os: [android]

  '@esbuild/android-arm@0.19.11':
    resolution: {integrity: sha512-5OVapq0ClabvKvQ58Bws8+wkLCV+Rxg7tUVbo9xu034Nm536QTII4YzhaFriQ7rMrorfnFKUsArD2lqKbFY4vw==}
    engines: {node: '>=12'}
    cpu: [arm]
    os: [android]

  '@esbuild/android-x64@0.19.11':
    resolution: {integrity: sha512-eccxjlfGw43WYoY9QgB82SgGgDbibcqyDTlk3l3C0jOVHKxrjdc9CTwDUQd0vkvYg5um0OH+GpxYvp39r+IPOg==}
    engines: {node: '>=12'}
    cpu: [x64]
    os: [android]

  '@esbuild/darwin-arm64@0.19.11':
    resolution: {integrity: sha512-ETp87DRWuSt9KdDVkqSoKoLFHYTrkyz2+65fj9nfXsaV3bMhTCjtQfw3y+um88vGRKRiF7erPrh/ZuIdLUIVxQ==}
    engines: {node: '>=12'}
    cpu: [arm64]
    os: [darwin]

  '@esbuild/darwin-x64@0.19.11':
    resolution: {integrity: sha512-fkFUiS6IUK9WYUO/+22omwetaSNl5/A8giXvQlcinLIjVkxwTLSktbF5f/kJMftM2MJp9+fXqZ5ezS7+SALp4g==}
    engines: {node: '>=12'}
    cpu: [x64]
    os: [darwin]

  '@esbuild/freebsd-arm64@0.19.11':
    resolution: {integrity: sha512-lhoSp5K6bxKRNdXUtHoNc5HhbXVCS8V0iZmDvyWvYq9S5WSfTIHU2UGjcGt7UeS6iEYp9eeymIl5mJBn0yiuxA==}
    engines: {node: '>=12'}
    cpu: [arm64]
    os: [freebsd]

  '@esbuild/freebsd-x64@0.19.11':
    resolution: {integrity: sha512-JkUqn44AffGXitVI6/AbQdoYAq0TEullFdqcMY/PCUZ36xJ9ZJRtQabzMA+Vi7r78+25ZIBosLTOKnUXBSi1Kw==}
    engines: {node: '>=12'}
    cpu: [x64]
    os: [freebsd]

  '@esbuild/linux-arm64@0.19.11':
    resolution: {integrity: sha512-LneLg3ypEeveBSMuoa0kwMpCGmpu8XQUh+mL8XXwoYZ6Be2qBnVtcDI5azSvh7vioMDhoJFZzp9GWp9IWpYoUg==}
    engines: {node: '>=12'}
    cpu: [arm64]
    os: [linux]

  '@esbuild/linux-arm@0.19.11':
    resolution: {integrity: sha512-3CRkr9+vCV2XJbjwgzjPtO8T0SZUmRZla+UL1jw+XqHZPkPgZiyWvbDvl9rqAN8Zl7qJF0O/9ycMtjU67HN9/Q==}
    engines: {node: '>=12'}
    cpu: [arm]
    os: [linux]

  '@esbuild/linux-ia32@0.19.11':
    resolution: {integrity: sha512-caHy++CsD8Bgq2V5CodbJjFPEiDPq8JJmBdeyZ8GWVQMjRD0sU548nNdwPNvKjVpamYYVL40AORekgfIubwHoA==}
    engines: {node: '>=12'}
    cpu: [ia32]
    os: [linux]

  '@esbuild/linux-loong64@0.19.11':
    resolution: {integrity: sha512-ppZSSLVpPrwHccvC6nQVZaSHlFsvCQyjnvirnVjbKSHuE5N24Yl8F3UwYUUR1UEPaFObGD2tSvVKbvR+uT1Nrg==}
    engines: {node: '>=12'}
    cpu: [loong64]
    os: [linux]

  '@esbuild/linux-mips64el@0.19.11':
    resolution: {integrity: sha512-B5x9j0OgjG+v1dF2DkH34lr+7Gmv0kzX6/V0afF41FkPMMqaQ77pH7CrhWeR22aEeHKaeZVtZ6yFwlxOKPVFyg==}
    engines: {node: '>=12'}
    cpu: [mips64el]
    os: [linux]

  '@esbuild/linux-ppc64@0.19.11':
    resolution: {integrity: sha512-MHrZYLeCG8vXblMetWyttkdVRjQlQUb/oMgBNurVEnhj4YWOr4G5lmBfZjHYQHHN0g6yDmCAQRR8MUHldvvRDA==}
    engines: {node: '>=12'}
    cpu: [ppc64]
    os: [linux]

  '@esbuild/linux-riscv64@0.19.11':
    resolution: {integrity: sha512-f3DY++t94uVg141dozDu4CCUkYW+09rWtaWfnb3bqe4w5NqmZd6nPVBm+qbz7WaHZCoqXqHz5p6CM6qv3qnSSQ==}
    engines: {node: '>=12'}
    cpu: [riscv64]
    os: [linux]

  '@esbuild/linux-s390x@0.19.11':
    resolution: {integrity: sha512-A5xdUoyWJHMMlcSMcPGVLzYzpcY8QP1RtYzX5/bS4dvjBGVxdhuiYyFwp7z74ocV7WDc0n1harxmpq2ePOjI0Q==}
    engines: {node: '>=12'}
    cpu: [s390x]
    os: [linux]

  '@esbuild/linux-x64@0.19.11':
    resolution: {integrity: sha512-grbyMlVCvJSfxFQUndw5mCtWs5LO1gUlwP4CDi4iJBbVpZcqLVT29FxgGuBJGSzyOxotFG4LoO5X+M1350zmPA==}
    engines: {node: '>=12'}
    cpu: [x64]
    os: [linux]

  '@esbuild/netbsd-x64@0.19.11':
    resolution: {integrity: sha512-13jvrQZJc3P230OhU8xgwUnDeuC/9egsjTkXN49b3GcS5BKvJqZn86aGM8W9pd14Kd+u7HuFBMVtrNGhh6fHEQ==}
    engines: {node: '>=12'}
    cpu: [x64]
    os: [netbsd]

  '@esbuild/openbsd-x64@0.19.11':
    resolution: {integrity: sha512-ysyOGZuTp6SNKPE11INDUeFVVQFrhcNDVUgSQVDzqsqX38DjhPEPATpid04LCoUr2WXhQTEZ8ct/EgJCUDpyNw==}
    engines: {node: '>=12'}
    cpu: [x64]
    os: [openbsd]

  '@esbuild/sunos-x64@0.19.11':
    resolution: {integrity: sha512-Hf+Sad9nVwvtxy4DXCZQqLpgmRTQqyFyhT3bZ4F2XlJCjxGmRFF0Shwn9rzhOYRB61w9VMXUkxlBy56dk9JJiQ==}
    engines: {node: '>=12'}
    cpu: [x64]
    os: [sunos]

  '@esbuild/win32-arm64@0.19.11':
    resolution: {integrity: sha512-0P58Sbi0LctOMOQbpEOvOL44Ne0sqbS0XWHMvvrg6NE5jQ1xguCSSw9jQeUk2lfrXYsKDdOe6K+oZiwKPilYPQ==}
    engines: {node: '>=12'}
    cpu: [arm64]
    os: [win32]

  '@esbuild/win32-ia32@0.19.11':
    resolution: {integrity: sha512-6YOrWS+sDJDmshdBIQU+Uoyh7pQKrdykdefC1avn76ss5c+RN6gut3LZA4E2cH5xUEp5/cA0+YxRaVtRAb0xBg==}
    engines: {node: '>=12'}
    cpu: [ia32]
    os: [win32]

  '@esbuild/win32-x64@0.19.11':
    resolution: {integrity: sha512-vfkhltrjCAb603XaFhqhAF4LGDi2M4OrCRrFusyQ+iTLQ/o60QQXxc9cZC/FFpihBI9N1Grn6SMKVJ4KP7Fuiw==}
    engines: {node: '>=12'}
    cpu: [x64]
    os: [win32]

  '@formatjs/ecma402-abstract@1.11.4':
    resolution: {integrity: sha512-EBikYFp2JCdIfGEb5G9dyCkTGDmC57KSHhRQOC3aYxoPWVZvfWCDjZwkGYHN7Lis/fmuWl906bnNTJifDQ3sXw==}

  '@formatjs/fast-memoize@1.2.1':
    resolution: {integrity: sha512-Rg0e76nomkz3vF9IPlKeV+Qynok0r7YZjL6syLz4/urSg0IbjPZCB/iYUMNsYA643gh4mgrX3T7KEIFIxJBQeg==}

  '@formatjs/icu-messageformat-parser@2.1.0':
    resolution: {integrity: sha512-Qxv/lmCN6hKpBSss2uQ8IROVnta2r9jd3ymUEIjm2UyIkUCHVcbUVRGL/KS/wv7876edvsPe+hjHVJ4z8YuVaw==}

  '@formatjs/icu-skeleton-parser@1.3.6':
    resolution: {integrity: sha512-I96mOxvml/YLrwU2Txnd4klA7V8fRhb6JG/4hm3VMNmeJo1F03IpV2L3wWt7EweqNLES59SZ4d6hVOPCSf80Bg==}

  '@formatjs/intl-localematcher@0.2.25':
    resolution: {integrity: sha512-YmLcX70BxoSopLFdLr1Ds99NdlTI2oWoLbaUW2M406lxOIPzE1KQhRz2fPUkq34xVZQaihCoU29h0KK7An3bhA==}

  '@gradio/atoms@0.2.1':
    resolution: {integrity: sha512-di3kKSbjxKGngvTAaqUaA6whOVs5BFlQULlWDPq1m37VRgUD7Oq2MkIE+T+YiNAhByN93pqA0hGrWwAUUuxy5Q==}

  '@gradio/button@0.2.3':
    resolution: {integrity: sha512-vbSMcRNrtBKycnAgpCpepKaC4NNAg36I9qbEaz8wKqHqU02oTOaUeyelEitHLWULqLf3+sy6BM+JxxFjtELgXQ==}

  '@gradio/client@0.7.2':
    resolution: {integrity: sha512-YkT3c0u38ZYPKvOCmT0xLu3Gau4SwMe1Yo0PNvqTLwHfI4++dp5MJIWH97820MUqgQhYy6V3GmVAliHRmnfPbw==}
    engines: {node: '>=18.0.0'}

  '@gradio/column@0.1.0':
    resolution: {integrity: sha512-P24nqqVnMXBaDA1f/zSN5HZRho4PxP8Dq+7VltPHlmxIEiZYik2AJ4J0LeuIha34FDO0guu/16evdrpvGIUAfw==}

  '@gradio/icons@0.2.0':
    resolution: {integrity: sha512-rfCSmOF+ALqBOjTWL1ICasyA8JuO0MPwFrtlVMyAWp7R14AN8YChC/gbz5fZ0kNBiGGEYOOfqpKxyvC95jGGlg==}

  '@gradio/statustracker@0.3.1':
    resolution: {integrity: sha512-ZpmXZSnbgoFU2J54SrNntwfo2OEuEoRV310Q0zGVTH1VL7loziR7GuYhfIbgS8qFlrWM0MhMoLGDX+k7LAig5w==}

  '@gradio/theme@0.2.0':
    resolution: {integrity: sha512-33c68Nk7oRXLn08OxPfjcPm7S4tXGOUV1I1bVgzdM2YV5o1QBOS1GEnXPZPu/CEYPePLMB6bsDwffrLEyLGWVQ==}

  '@gradio/upload@0.3.3':
    resolution: {integrity: sha512-KWRtH9UTe20u1/14KezuZDEwecLZzjDHdSPDUCrk27SrE6ptV8/qLtefOkg9zE+W51iATxDtQAvi0afLQ8XGrw==}

  '@gradio/utils@0.2.0':
    resolution: {integrity: sha512-YkwzXufi6IxQrlMW+1sFo8Yn6F9NLL69ZoBsbo7QEhms0v5L7pmOTw+dfd7M3dwbRP2lgjrb52i1kAIN3n6aqQ==}

  '@gradio/wasm@0.2.0':
    resolution: {integrity: sha512-lU0Uzn4avbyO4AA1yp7IR2FQcO23YUEU3kn0NA8S9cGIZLzxj1FepPO1TsNXtMymDdKKx72TJW2v4yrv/j3H2A==}

  '@jridgewell/gen-mapping@0.3.3':
    resolution: {integrity: sha512-HLhSWOLRi875zjjMG/r+Nv0oCW8umGb0BgEhyX3dDX3egwZtB8PqLnjz3yedt8R5StBrzcg4aBpnh8UA9D1BoQ==}
    engines: {node: '>=6.0.0'}

  '@jridgewell/resolve-uri@3.1.1':
    resolution: {integrity: sha512-dSYZh7HhCDtCKm4QakX0xFpsRDqjjtZf/kjI/v3T3Nwt5r8/qz/M19F9ySyOqU94SXBmeG9ttTul+YnR4LOxFA==}
    engines: {node: '>=6.0.0'}

  '@jridgewell/set-array@1.1.2':
    resolution: {integrity: sha512-xnkseuNADM0gt2bs+BvhO0p78Mk762YnZdsuzFV018NoG1Sj1SCQvpSqa7XUaTam5vAGasABV9qXASMKnFMwMw==}
    engines: {node: '>=6.0.0'}

  '@jridgewell/sourcemap-codec@1.4.15':
    resolution: {integrity: sha512-eF2rxCRulEKXHTRiDrDy6erMYWqNw4LPdQ8UQA4huuxaQsVeRPFl2oM8oDGxMFhJUWZf9McpLtJasDDZb/Bpeg==}

  '@jridgewell/trace-mapping@0.3.21':
    resolution: {integrity: sha512-SRfKmRe1KvYnxjEMtxEr+J4HIeMX5YBg/qhRHpxEIGjhX1rshcHlnFUE9K0GazhVKWM7B+nARSkV8LuvJdJ5/g==}

  '@types/debounce@1.2.4':
    resolution: {integrity: sha512-jBqiORIzKDOToaF63Fm//haOCHuwQuLa2202RK4MozpA6lh93eCBc+/8+wZn5OzjJt3ySdc+74SXWXB55Ewtyw==}

  '@types/estree@1.0.5':
    resolution: {integrity: sha512-/kYRxGDLWzHOB7q+wtSUQlFrtcdUccpfy+X+9iMBpHK8QLLhx2wIPYuS5DYtR9Wa/YlZAbIovy7qVdB1Aq6Lyw==}

  '@types/path-browserify@1.0.2':
    resolution: {integrity: sha512-ZkC5IUqqIFPXx3ASTTybTzmQdwHwe2C0u3eL75ldQ6T9E9IWFJodn6hIfbZGab73DfyiHN4Xw15gNxUq2FbvBA==}

  '@types/wavesurfer.js@6.0.10':
    resolution: {integrity: sha512-LEzDaKM8L/fx8lwh7SQROD8s5MuEtimChhEQ2HwDFJApPmZFALxSwwUMlEj0mT71EstWZuLhijY2uUiNRZtzqg==}

  acorn@8.11.3:
    resolution: {integrity: sha512-Y9rRfJG5jcKOE0CLisYbojUjIrIEE7AGMzA/Sm4BslANhbS+cDMpgBdcPT91oJ7OuJ9hYJBx59RjbhxVnrF8Xg==}
    engines: {node: '>=0.4.0'}
    hasBin: true

  aria-query@5.3.0:
    resolution: {integrity: sha512-b0P0sZPKtyu8HkeRAfCq0IfURZK+SuwMjY1UXGBU27wpAiTwQAIlq56IbIO+ytk/JjS1fMR14ee5WBBfKi5J6A==}

  automation-events@6.0.13:
    resolution: {integrity: sha512-V1D19taPDEB7LUph6FpJv9m2i+UpLR096sAbPKt92sRChCOA6Jt2bcofU/YAwG8F8/qZp3GrrscJ1FzaEHd68w==}
    engines: {node: '>=16.1.0'}

  axobject-query@3.2.1:
    resolution: {integrity: sha512-jsyHu61e6N4Vbz/v18DHwWYKK0bSWLqn47eeDSKPB7m8tqMHF9YJ+mhIk2lVteyZrY8tnSj/jHOv4YiTCuCJgg==}

  broker-factory@3.0.89:
    resolution: {integrity: sha512-A2zkxJjpWjItTGzIETq7MFtBD6UgSA1VvfAeJIXsI+gq1nQ0VozuP80iZRXgdwRfFBCDdlB+8rzMO8Bfnwirug==}

  bufferutil@4.0.8:
    resolution: {integrity: sha512-4T53u4PdgsXqKaIctwF8ifXlRTTmEPJ8iEPWFdGZvcf7sbwYo6FKFEX9eNNAnzFZ7EzJAQ3CJeOtCRA4rDp7Pw==}
    engines: {node: '>=6.14.2'}

  cli-color@2.0.3:
    resolution: {integrity: sha512-OkoZnxyC4ERN3zLzZaY9Emb7f/MhBOIpePv0Ycok0fJYT+Ouo00UBEIwsVsr0yoow++n5YWlSUgST9GKhNHiRQ==}
    engines: {node: '>=0.10'}

  code-red@1.0.4:
    resolution: {integrity: sha512-7qJWqItLA8/VPVlKJlFXU+NBlo/qyfs39aJcuMT/2ere32ZqvF5OSxgdM5xOfJJ7O429gg2HM47y8v9P+9wrNw==}

  compilerr@11.0.13:
    resolution: {integrity: sha512-lqq1b3pFfn1Qims/lgzD5+uwOMzrDsUpiZ5LP2v8Sok7K+OFRt+m23GmkTBQl6ONvFSTB+xL1be8GXYsxt5dJQ==}
    engines: {node: '>=16.1.0'}

  css-tree@2.3.1:
    resolution: {integrity: sha512-6Fv1DV/TYw//QF5IzQdqsNDjx/wc8TrMBZsqjL9eW01tWb7R7k/mq+/VXfJCl7SoD5emsJop9cOByJZfs8hYIw==}
    engines: {node: ^10 || ^12.20.0 || ^14.13.0 || >=15.0.0}

  d@1.0.1:
    resolution: {integrity: sha512-m62ShEObQ39CfralilEQRjH6oAMtNCV1xJyEx5LpRYUVN+EviphDgUc/F3hnYbADmkiNs67Y+3ylmlG7Lnu+FA==}

  dashify@2.0.0:
    resolution: {integrity: sha512-hpA5C/YrPjucXypHPPc0oJ1l9Hf6wWbiOL7Ik42cxnsUOhWiCB/fylKbKqqJalW9FgkNQCw16YO8uW9Hs0Iy1A==}
    engines: {node: '>=4'}

  deepmerge@4.3.1:
    resolution: {integrity: sha512-3sUqbMEc77XqpdNO7FRyRog+eW3ph+GYCbj+rK+uYyRMuwsVy0rMiVtPn+QJlKFvWP/1PYpapqYn0Me2knFn+A==}
    engines: {node: '>=0.10.0'}

  dequal@2.0.3:
    resolution: {integrity: sha512-0je+qPKHEMohvfRTCEo3CrPG6cAzAYgmzKyxRiYSSDkS6eGJdyVJm7WaYA5ECaAD9wLB2T4EEeymA5aFVcYXCA==}
    engines: {node: '>=6'}

  es5-ext@0.10.62:
    resolution: {integrity: sha512-BHLqn0klhEpnOKSrzn/Xsz2UIW8j+cGmo9JLzr8BiUapV8hPL9+FliFqjwr9ngW7jWdnxv6eO+/LqyhJVqgrjA==}
    engines: {node: '>=0.10'}

  es6-iterator@2.0.3:
    resolution: {integrity: sha512-zw4SRzoUkd+cl+ZoE15A9o1oQd920Bb0iOJMQkQhl3jNc03YqVjAhG7scf9C5KWRU/R13Orf588uCC6525o02g==}

  es6-symbol@3.1.3:
    resolution: {integrity: sha512-NJ6Yn3FuDinBaBRWl/q5X/s4koRHBrgKAu+yGI6JCBeiu3qrcbJhwT2GeR/EXVfylRk8dpQVJoLEFhK+Mu31NA==}

  es6-weak-map@2.0.3:
    resolution: {integrity: sha512-p5um32HOTO1kP+w7PRnB+5lQ43Z6muuMuIMffvDN8ZB4GcnjLBV6zGStpbASIMk4DCAvEaamhe2zhyCb/QXXsA==}

  esbuild@0.19.11:
    resolution: {integrity: sha512-HJ96Hev2hX/6i5cDVwcqiJBBtuo9+FeIJOtZ9W1kA5M6AMJRHUZlpYZ1/SbEwtO0ioNAW8rUooVpC/WehY2SfA==}
    engines: {node: '>=12'}
    hasBin: true

  estree-walker@2.0.2:
    resolution: {integrity: sha512-Rfkk/Mp/DL7JVje3u18FxFujQlTNR2q6QfMSMB7AvCBx91NGj/ba3kCfza0f6dVDbw7YlRf/nDrn7pQrCCyQ/w==}

  estree-walker@3.0.3:
    resolution: {integrity: sha512-7RUKfXgSMMkzt6ZuXmqapOurLGPPfgj6l9uRZ7lRGolvk0y2yocc35LdcxKC5PQZdn2DMqioAQ2NoWcrTKmm6g==}

  event-emitter@0.3.5:
    resolution: {integrity: sha512-D9rRn9y7kLPnJ+hMq7S/nhvoKwwvVJahBi2BPmx3bvbsEdK3W9ii8cBSGjP+72/LnM4n6fo3+dkCX5FeTQruXA==}

  ext@1.7.0:
    resolution: {integrity: sha512-6hxeJYaL110a9b5TEJSj0gojyHQAmA2ch5Os+ySCiA1QGdS697XWY1pzsrSjqA9LDEEgdB/KypIlR59RcLuHYw==}

  extendable-media-recorder-wav-encoder-broker@7.0.93:
    resolution: {integrity: sha512-mZQlQ9Yyt3/x3vO6apu5hR49RdLCtHVEqjmf3PSi5nPtrQSJKI5n3oUp9v4jRNAJbUCxtRmBZHDZ2HvwHfDtbQ==}

  extendable-media-recorder-wav-encoder-worker@8.0.90:
    resolution: {integrity: sha512-13X3svoPjAlOmIWtRSyMC354vZF82GXhQnI2fHwp41k7hQCS1jaQ8WlUMzcyZ2GAKErbuzWAdVuKPLedNpQUDA==}

  extendable-media-recorder-wav-encoder@7.0.76:
    resolution: {integrity: sha512-HLeyR9R0mUPOo7zG3d3GRWltNaSYUjyUZGQ8amRjuQVkZFXszmOIAAUVBq3fou0Z3V1mAEo+mXnCqbEfYtgZXQ==}

  extendable-media-recorder@9.0.0:
    resolution: {integrity: sha512-50HNf/4wv2V7H7YBXVfxYLnaXQwMVcna9UHZxFPXmgWdThetWNu+TYKwA+xOPWA+rkr8Tqvtldxc/sPC/s/wXg==}

  fast-unique-numbers@8.0.12:
    resolution: {integrity: sha512-Z4AJueNDnuC/sLxeQqrHP4zgqcBIeQQLbQ0hEx1a7m6Wf7ERrdAyR7CkGfoEFWm9Qla7dpLt0eWPyiO18gqj0A==}
    engines: {node: '>=16.1.0'}

  globalyzer@0.1.0:
    resolution: {integrity: sha512-40oNTM9UfG6aBmuKxk/giHn5nQ8RVz/SS4Ir6zgzOv9/qC3kKZ9v4etGTcJbEl/NyVQH7FGU7d+X1egr57Md2Q==}

  globrex@0.1.2:
    resolution: {integrity: sha512-uHJgbwAMwNFf5mLst7IWLNg14x1CkeqglJb/K3doi4dw6q2IvAAmM/Y81kevy83wP+Sst+nutFTYOGg3d1lsxg==}

  indefinite-article@0.0.2:
    resolution: {integrity: sha512-Au/2XzRkvxq2J6w5uvSSbBKPZ5kzINx5F2wb0SF8xpRL8BP9Lav81TnRbfPp6p+SYjYxwaaLn4EUwI3/MmYKSw==}

  intl-messageformat@9.13.0:
    resolution: {integrity: sha512-7sGC7QnSQGa5LZP7bXLDhVDtQOeKGeBFGHF2Y8LVBwYZoQZCgWeKoPGTa5GMG8g/TzDgeXuYJQis7Ggiw2xTOw==}

  is-promise@2.2.2:
    resolution: {integrity: sha512-+lP4/6lKUBfQjZ2pdxThZvLUAafmZb8OAxFb8XXtiQmS35INgr85hdOGoEs124ez1FCnZJt6jau/T+alh58QFQ==}

  is-reference@3.0.2:
    resolution: {integrity: sha512-v3rht/LgVcsdZa3O2Nqs+NMowLOxeOm7Ay9+/ARQ2F+qEoANRcqrjAZKGN0v8ymUetZGgkp26LTnGT7H0Qo9Pg==}

  locate-character@3.0.0:
    resolution: {integrity: sha512-SW13ws7BjaeJ6p7Q6CO2nchbYEc3X3J6WrmTTDto7yMPqVSZTUyY5Tjbid+Ab8gLnATtygYtiDIJGQRRn2ZOiA==}

  lru-queue@0.1.0:
    resolution: {integrity: sha512-BpdYkt9EvGl8OfWHDQPISVpcl5xZthb+XPsbELj5AQXxIC8IriDZIQYjBJPEm5rS420sjZ0TLEzRcq5KdBhYrQ==}

  magic-string@0.30.5:
    resolution: {integrity: sha512-7xlpfBaQaP/T6Vh8MO/EqXSW5En6INHEvEXQiuff7Gku0PWjU3uf6w/j9o7O+SpB5fOAkrI5HeoNgwjEO0pFsA==}
    engines: {node: '>=12'}

  mdn-data@2.0.30:
    resolution: {integrity: sha512-GaqWWShW4kv/G9IEucWScBx9G1/vsFZZJUO+tD26M8J8z3Kw5RDQjaoZe03YAClgeS/SWPOcb4nkFBTEi5DUEA==}

  media-encoder-host-broker@7.0.94:
    resolution: {integrity: sha512-M3nBVELYCSaVIQWaClYcnAC5ygCSBnfUCbxkcEhPWg+tYgvMlPwDq7unHS6UZI7uecVwyRTN31IL/wa31x0VEg==}

  media-encoder-host-worker@9.1.16:
    resolution: {integrity: sha512-L1rD1DXoSLxRhgN52cKwNzzqAIo1y+SXSFKzn+Fj5fFNldOCn4wl4BbuPN6u4HW4yHRzxa6mupTjVaKumiw7uw==}

  media-encoder-host@8.0.104:
    resolution: {integrity: sha512-DXOm4XbwCKWoCtW2B4leb9YAfC/1HxG8ysT5AOFXNPs5E9UuamDCa0zhtRNPNn2Bp3MJCiB1qo8jORhqVubJhQ==}

  memoizee@0.4.15:
    resolution: {integrity: sha512-UBWmJpLZd5STPm7PMUlOw/TSy972M+z8gcyQ5veOnSDRREz/0bmpyTfKt3/51DhEBqCZQn1udM/5flcSPYhkdQ==}

  mri@1.2.0:
    resolution: {integrity: sha512-tzzskb3bG8LvYGFF/mDTpq3jpI6Q9wc3LEmBaghu+DdCssd1FakN7Bc0hVNmEyGq1bq3RgfkCb3cmQLpNPOroA==}
    engines: {node: '>=4'}

  multi-buffer-data-view@5.0.13:
    resolution: {integrity: sha512-1aR8uZp6JOEq1tb1euDmCZFm0ksOe8Kub3ItBrDPBKVhlPaknUcAhanDxrSVrJiJb5c+4vsB1U6Tye8AbL9XkQ==}
    engines: {node: '>=16.1.0'}

  next-tick@1.1.0:
    resolution: {integrity: sha512-CXdUiJembsNjuToQvxayPZF9Vqht7hewsvy2sOWafLvi2awflj9mOC6bHIg50orX8IJvWKY9wYQ/zB2kogPslQ==}

  node-gyp-build@4.8.0:
    resolution: {integrity: sha512-u6fs2AEUljNho3EYTJNBfImO5QTo/J/1Etd+NVdCj7qWKUSN/bSLkZwhDv7I+w/MSC6qJ4cknepkAYykDdK8og==}
    hasBin: true

  path-browserify@1.0.1:
    resolution: {integrity: sha512-b7uo2UCUOYZcnF/3ID0lulOJi/bafxa1xPe7ZPsammBSpjSWQkjNxlt635YGS2MiR9GjvuXCtz2emr3jbsz98g==}

  periscopic@3.1.0:
    resolution: {integrity: sha512-vKiQ8RRtkl9P+r/+oefh25C3fhybptkHKCZSPlcXiJux2tJF55GnEj3BVn4A5gKfq9NWWXXrxkHBwVPUfH0opw==}

  recorder-audio-worklet-processor@5.0.12:
    resolution: {integrity: sha512-t8PUAo8au5MaxXaofhCCGGYntYm8dJkM4uGz6IQ3VXv29eoLRPAURKUNRCG/rufdwKm21X6LyxulEsWoL+x/EQ==}

  recorder-audio-worklet@6.0.17:
    resolution: {integrity: sha512-SlK6XYwDonSUKUE6OBj+cwZhqzY7Pz3Eiv4dAFfuR5npOHHfj/mvSadmkhk5r6KltZ6aCgXoPNtGYDH6BchXwA==}

  regenerator-runtime@0.14.1:
    resolution: {integrity: sha512-dYnhHh0nJoMfnkZs6GmmhFknAGRrLznOu5nc9ML+EJxGvrx6H7teuevqVqCuPcPK//3eDrrjQhehXVx9cnkGdw==}

  resize-observer-polyfill@1.5.1:
    resolution: {integrity: sha512-LwZrotdHOo12nQuZlHEmtuXdqGoOD0OhaxopaNFxWzInpEgaLWoVuAMbTzixuosCx2nEG58ngzW3vxdWoxIgdg==}

  rxjs-interop@2.0.0:
    resolution: {integrity: sha512-ASEq9atUw7lualXB+knvgtvwkCEvGWV2gDD/8qnASzBkzEARZck9JAyxmY8OS6Nc1pCPEgDTKNcx+YqqYfzArw==}

  sade@1.8.1:
    resolution: {integrity: sha512-xal3CZX1Xlo/k4ApwCFrHVACi9fBqJ7V+mwhBsuf/1IOKbBy098Fex+Wa/5QMubw09pSZ/u8EY8PWgevJsXp1A==}
    engines: {node: '>=6'}

  semiver@1.1.0:
    resolution: {integrity: sha512-QNI2ChmuioGC1/xjyYwyZYADILWyW6AmS1UH6gDj/SFUUUS4MBAWs/7mxnkRPc/F4iHezDP+O8t0dO8WHiEOdg==}
    engines: {node: '>=6'}

  source-map-js@1.0.2:
    resolution: {integrity: sha512-R0XvVJ9WusLiqTCEiGCmICCMplcCkIwwR11mOSD9CR5u+IXYdiseeEuXCVAjS54zqwkLcPNnmU4OeJ6tUrWhDw==}
    engines: {node: '>=0.10.0'}

  standardized-audio-context@25.3.61:
    resolution: {integrity: sha512-ew5s1DOlSfU/oHtdIbRGhtPriGd2D4ttVY0uB63Ura1bQWG+c0YVFtmy2fBPLcKH5qkIbrHHlwJTikgVsJ62dg==}

  subscribable-things@2.1.28:
    resolution: {integrity: sha512-uZipZJ2/EyClGZZSDsRMXBpvDvK18QCKBc42b6fT9TYNFSjwy7+GEWWkxeFY+jCpXhgfrd3CnrQ2reinhFn8yw==}

  svelte-i18n@3.7.4:
    resolution: {integrity: sha512-yGRCNo+eBT4cPuU7IVsYTYjxB7I2V8qgUZPlHnNctJj5IgbJgV78flsRzpjZ/8iUYZrS49oCt7uxlU3AZv/N5Q==}
    engines: {node: '>= 16'}
    hasBin: true
    peerDependencies:
      svelte: ^3 || ^4

  svelte-range-slider-pips@2.0.1:
    resolution: {integrity: sha512-sCHvcTgi0ZYE4c/mwSsdALRsfuqEmpwTsSUdL+PUrumZ8u2gv1GKwZ3GohcAcTB6gfmqRBkyn6ujRXrOIga1gw==}

  svelte@4.2.8:
    resolution: {integrity: sha512-hU6dh1MPl8gh6klQZwK/n73GiAHiR95IkFsesLPbMeEZi36ydaXL/ZAb4g9sayT0MXzpxyZjR28yderJHxcmYA==}
    engines: {node: '>=16'}

  timers-ext@0.1.7:
    resolution: {integrity: sha512-b85NUNzTSdodShTIbky6ZF02e8STtVVfD+fu4aXXShEELpozH+bCpJLYMPZbsABN2wDH7fJpqIoXxJpzbf0NqQ==}

  tiny-glob@0.2.9:
    resolution: {integrity: sha512-g/55ssRPUjShh+xkfx9UPDXqhckHEsHr4Vd9zX55oSdGZc/MD0m3sferOkwWtp98bv+kcVfEHtRJgBVJzelrzg==}

  tslib@2.6.2:
    resolution: {integrity: sha512-AEYxH93jGFPn/a2iVAwW87VuUIkR1FVUKB77NwMF7nBTDkDrrT/Hpt/IrCJ0QXhW27jTBDcf5ZY7w6RiqTMw2Q==}

  type@1.2.0:
    resolution: {integrity: sha512-+5nt5AAniqsCnu2cEQQdpzCAh33kVx8n0VoFidKpB1dVVLAN/F+bgVOqOJqOnEnrhp222clB5p3vUlD+1QAnfg==}

  type@2.7.2:
    resolution: {integrity: sha512-dzlvlNlt6AXU7EBSfpAscydQ7gXB+pPGsPnfJnZpiNJBDj7IaJzQlBZYGdEi4R9HmPdBv2XmWJ6YUtoTa7lmCw==}

  wavesurfer.js@7.4.2:
    resolution: {integrity: sha512-4pNQ1porOCUBYBmd2F1TqVuBnB2wBPipaw2qI920zYLuPnada0Rd1CURgh8HRuPGKxijj2iyZDFN2UZwsaEuhA==}

  worker-factory@7.0.16:
    resolution: {integrity: sha512-AjDMwO9SwgQhKNgDdL88RidnqP5Sjs3+MH5yu/Es/IuQLlxr3Gcz/fQRqBc85sBijYcsjs2FQD07Vy2vySQUgg==}

  ws@8.16.0:
    resolution: {integrity: sha512-HS0c//TP7Ina87TfiPUz1rQzMhHrl/SG2guqRcTOIUYD2q8uhUdNHZYJUaQ8aTGPzCh+c6oawMKW35nFl1dxyQ==}
    engines: {node: '>=10.0.0'}
    peerDependencies:
      bufferutil: ^4.0.1
      utf-8-validate: '>=5.0.2'
    peerDependenciesMeta:
      bufferutil:
        optional: true
      utf-8-validate:
        optional: true

snapshots:

  '@ampproject/remapping@2.2.1':
    dependencies:
      '@jridgewell/gen-mapping': 0.3.3
      '@jridgewell/trace-mapping': 0.3.21

  '@babel/runtime@7.23.8':
    dependencies:
      regenerator-runtime: 0.14.1

  '@esbuild/aix-ppc64@0.19.11':
    optional: true

  '@esbuild/android-arm64@0.19.11':
    optional: true

  '@esbuild/android-arm@0.19.11':
    optional: true

  '@esbuild/android-x64@0.19.11':
    optional: true

  '@esbuild/darwin-arm64@0.19.11':
    optional: true

  '@esbuild/darwin-x64@0.19.11':
    optional: true

  '@esbuild/freebsd-arm64@0.19.11':
    optional: true

  '@esbuild/freebsd-x64@0.19.11':
    optional: true

  '@esbuild/linux-arm64@0.19.11':
    optional: true

  '@esbuild/linux-arm@0.19.11':
    optional: true

  '@esbuild/linux-ia32@0.19.11':
    optional: true

  '@esbuild/linux-loong64@0.19.11':
    optional: true

  '@esbuild/linux-mips64el@0.19.11':
    optional: true

  '@esbuild/linux-ppc64@0.19.11':
    optional: true

  '@esbuild/linux-riscv64@0.19.11':
    optional: true

  '@esbuild/linux-s390x@0.19.11':
    optional: true

  '@esbuild/linux-x64@0.19.11':
    optional: true

  '@esbuild/netbsd-x64@0.19.11':
    optional: true

  '@esbuild/openbsd-x64@0.19.11':
    optional: true

  '@esbuild/sunos-x64@0.19.11':
    optional: true

  '@esbuild/win32-arm64@0.19.11':
    optional: true

  '@esbuild/win32-ia32@0.19.11':
    optional: true

  '@esbuild/win32-x64@0.19.11':
    optional: true

  '@formatjs/ecma402-abstract@1.11.4':
    dependencies:
      '@formatjs/intl-localematcher': 0.2.25
      tslib: 2.6.2

  '@formatjs/fast-memoize@1.2.1':
    dependencies:
      tslib: 2.6.2

  '@formatjs/icu-messageformat-parser@2.1.0':
    dependencies:
      '@formatjs/ecma402-abstract': 1.11.4
      '@formatjs/icu-skeleton-parser': 1.3.6
      tslib: 2.6.2

  '@formatjs/icu-skeleton-parser@1.3.6':
    dependencies:
      '@formatjs/ecma402-abstract': 1.11.4
      tslib: 2.6.2

  '@formatjs/intl-localematcher@0.2.25':
    dependencies:
      tslib: 2.6.2

  '@gradio/atoms@0.2.1(svelte@4.2.8)':
    dependencies:
      '@gradio/icons': 0.2.0
      '@gradio/utils': 0.2.0(svelte@4.2.8)
    transitivePeerDependencies:
      - svelte

  '@gradio/button@0.2.3(svelte@4.2.8)':
    dependencies:
      '@gradio/client': 0.7.2
      '@gradio/upload': 0.3.3(svelte@4.2.8)
      '@gradio/utils': 0.2.0(svelte@4.2.8)
    transitivePeerDependencies:
      - svelte
      - utf-8-validate

  '@gradio/client@0.7.2':
    dependencies:
      bufferutil: 4.0.8
      semiver: 1.1.0
      ws: 8.16.0(bufferutil@4.0.8)
    transitivePeerDependencies:
      - utf-8-validate

  '@gradio/column@0.1.0': {}

  '@gradio/icons@0.2.0': {}

  '@gradio/statustracker@0.3.1(svelte@4.2.8)':
    dependencies:
      '@gradio/atoms': 0.2.1(svelte@4.2.8)
      '@gradio/column': 0.1.0
      '@gradio/icons': 0.2.0
      '@gradio/utils': 0.2.0(svelte@4.2.8)
    transitivePeerDependencies:
      - svelte

  '@gradio/theme@0.2.0': {}

  '@gradio/upload@0.3.3(svelte@4.2.8)':
    dependencies:
      '@gradio/atoms': 0.2.1(svelte@4.2.8)
      '@gradio/client': 0.7.2
      '@gradio/icons': 0.2.0
      '@gradio/utils': 0.2.0(svelte@4.2.8)
    transitivePeerDependencies:
      - svelte
      - utf-8-validate

  '@gradio/utils@0.2.0(svelte@4.2.8)':
    dependencies:
      '@gradio/theme': 0.2.0
      svelte-i18n: 3.7.4(svelte@4.2.8)
    transitivePeerDependencies:
      - svelte

  '@gradio/wasm@0.2.0':
    dependencies:
      '@types/path-browserify': 1.0.2
      path-browserify: 1.0.1

  '@jridgewell/gen-mapping@0.3.3':
    dependencies:
      '@jridgewell/set-array': 1.1.2
      '@jridgewell/sourcemap-codec': 1.4.15
      '@jridgewell/trace-mapping': 0.3.21

  '@jridgewell/resolve-uri@3.1.1': {}

  '@jridgewell/set-array@1.1.2': {}

  '@jridgewell/sourcemap-codec@1.4.15': {}

  '@jridgewell/trace-mapping@0.3.21':
    dependencies:
      '@jridgewell/resolve-uri': 3.1.1
      '@jridgewell/sourcemap-codec': 1.4.15

  '@types/debounce@1.2.4': {}

  '@types/estree@1.0.5': {}

  '@types/path-browserify@1.0.2': {}

  '@types/wavesurfer.js@6.0.10':
    dependencies:
      '@types/debounce': 1.2.4

  acorn@8.11.3: {}

  aria-query@5.3.0:
    dependencies:
      dequal: 2.0.3

  automation-events@6.0.13:
    dependencies:
      '@babel/runtime': 7.23.8
      tslib: 2.6.2

  axobject-query@3.2.1:
    dependencies:
      dequal: 2.0.3

  broker-factory@3.0.89:
    dependencies:
      '@babel/runtime': 7.23.8
      fast-unique-numbers: 8.0.12
      tslib: 2.6.2
      worker-factory: 7.0.16

  bufferutil@4.0.8:
    dependencies:
      node-gyp-build: 4.8.0

  cli-color@2.0.3:
    dependencies:
      d: 1.0.1
      es5-ext: 0.10.62
      es6-iterator: 2.0.3
      memoizee: 0.4.15
      timers-ext: 0.1.7

  code-red@1.0.4:
    dependencies:
      '@jridgewell/sourcemap-codec': 1.4.15
      '@types/estree': 1.0.5
      acorn: 8.11.3
      estree-walker: 3.0.3
      periscopic: 3.1.0

  compilerr@11.0.13:
    dependencies:
      '@babel/runtime': 7.23.8
      dashify: 2.0.0
      indefinite-article: 0.0.2
      tslib: 2.6.2

  css-tree@2.3.1:
    dependencies:
      mdn-data: 2.0.30
      source-map-js: 1.0.2

  d@1.0.1:
    dependencies:
      es5-ext: 0.10.62
      type: 1.2.0

  dashify@2.0.0: {}

  deepmerge@4.3.1: {}

  dequal@2.0.3: {}

  es5-ext@0.10.62:
    dependencies:
      es6-iterator: 2.0.3
      es6-symbol: 3.1.3
      next-tick: 1.1.0

  es6-iterator@2.0.3:
    dependencies:
      d: 1.0.1
      es5-ext: 0.10.62
      es6-symbol: 3.1.3

  es6-symbol@3.1.3:
    dependencies:
      d: 1.0.1
      ext: 1.7.0

  es6-weak-map@2.0.3:
    dependencies:
      d: 1.0.1
      es5-ext: 0.10.62
      es6-iterator: 2.0.3
      es6-symbol: 3.1.3

  esbuild@0.19.11:
    optionalDependencies:
      '@esbuild/aix-ppc64': 0.19.11
      '@esbuild/android-arm': 0.19.11
      '@esbuild/android-arm64': 0.19.11
      '@esbuild/android-x64': 0.19.11
      '@esbuild/darwin-arm64': 0.19.11
      '@esbuild/darwin-x64': 0.19.11
      '@esbuild/freebsd-arm64': 0.19.11
      '@esbuild/freebsd-x64': 0.19.11
      '@esbuild/linux-arm': 0.19.11
      '@esbuild/linux-arm64': 0.19.11
      '@esbuild/linux-ia32': 0.19.11
      '@esbuild/linux-loong64': 0.19.11
      '@esbuild/linux-mips64el': 0.19.11
      '@esbuild/linux-ppc64': 0.19.11
      '@esbuild/linux-riscv64': 0.19.11
      '@esbuild/linux-s390x': 0.19.11
      '@esbuild/linux-x64': 0.19.11
      '@esbuild/netbsd-x64': 0.19.11
      '@esbuild/openbsd-x64': 0.19.11
      '@esbuild/sunos-x64': 0.19.11
      '@esbuild/win32-arm64': 0.19.11
      '@esbuild/win32-ia32': 0.19.11
      '@esbuild/win32-x64': 0.19.11

  estree-walker@2.0.2: {}

  estree-walker@3.0.3:
    dependencies:
      '@types/estree': 1.0.5

  event-emitter@0.3.5:
    dependencies:
      d: 1.0.1
      es5-ext: 0.10.62

  ext@1.7.0:
    dependencies:
      type: 2.7.2

  extendable-media-recorder-wav-encoder-broker@7.0.93:
    dependencies:
      '@babel/runtime': 7.23.8
      broker-factory: 3.0.89
      extendable-media-recorder-wav-encoder-worker: 8.0.90
      tslib: 2.6.2

  extendable-media-recorder-wav-encoder-worker@8.0.90:
    dependencies:
      '@babel/runtime': 7.23.8
      tslib: 2.6.2
      worker-factory: 7.0.16

  extendable-media-recorder-wav-encoder@7.0.76:
    dependencies:
      '@babel/runtime': 7.23.8
      extendable-media-recorder-wav-encoder-broker: 7.0.93
      extendable-media-recorder-wav-encoder-worker: 8.0.90
      tslib: 2.6.2

  extendable-media-recorder@9.0.0:
    dependencies:
      '@babel/runtime': 7.23.8
      media-encoder-host: 8.0.104
      multi-buffer-data-view: 5.0.13
      recorder-audio-worklet: 6.0.17
      standardized-audio-context: 25.3.61
      subscribable-things: 2.1.28
      tslib: 2.6.2

  fast-unique-numbers@8.0.12:
    dependencies:
      '@babel/runtime': 7.23.8
      tslib: 2.6.2

  globalyzer@0.1.0: {}

  globrex@0.1.2: {}

  indefinite-article@0.0.2: {}

  intl-messageformat@9.13.0:
    dependencies:
      '@formatjs/ecma402-abstract': 1.11.4
      '@formatjs/fast-memoize': 1.2.1
      '@formatjs/icu-messageformat-parser': 2.1.0
      tslib: 2.6.2

  is-promise@2.2.2: {}

  is-reference@3.0.2:
    dependencies:
      '@types/estree': 1.0.5

  locate-character@3.0.0: {}

  lru-queue@0.1.0:
    dependencies:
      es5-ext: 0.10.62

  magic-string@0.30.5:
    dependencies:
      '@jridgewell/sourcemap-codec': 1.4.15

  mdn-data@2.0.30: {}

  media-encoder-host-broker@7.0.94:
    dependencies:
      '@babel/runtime': 7.23.8
      broker-factory: 3.0.89
      fast-unique-numbers: 8.0.12
      media-encoder-host-worker: 9.1.16
      tslib: 2.6.2

  media-encoder-host-worker@9.1.16:
    dependencies:
      '@babel/runtime': 7.23.8
      extendable-media-recorder-wav-encoder-broker: 7.0.93
      tslib: 2.6.2
      worker-factory: 7.0.16

  media-encoder-host@8.0.104:
    dependencies:
      '@babel/runtime': 7.23.8
      media-encoder-host-broker: 7.0.94
      media-encoder-host-worker: 9.1.16
      tslib: 2.6.2

  memoizee@0.4.15:
    dependencies:
      d: 1.0.1
      es5-ext: 0.10.62
      es6-weak-map: 2.0.3
      event-emitter: 0.3.5
      is-promise: 2.2.2
      lru-queue: 0.1.0
      next-tick: 1.1.0
      timers-ext: 0.1.7

  mri@1.2.0: {}

  multi-buffer-data-view@5.0.13:
    dependencies:
      '@babel/runtime': 7.23.8
      tslib: 2.6.2

  next-tick@1.1.0: {}

  node-gyp-build@4.8.0: {}

  path-browserify@1.0.1: {}

  periscopic@3.1.0:
    dependencies:
      '@types/estree': 1.0.5
      estree-walker: 3.0.3
      is-reference: 3.0.2

  recorder-audio-worklet-processor@5.0.12:
    dependencies:
      '@babel/runtime': 7.23.8
      tslib: 2.6.2

  recorder-audio-worklet@6.0.17:
    dependencies:
      '@babel/runtime': 7.23.8
      broker-factory: 3.0.89
      fast-unique-numbers: 8.0.12
      recorder-audio-worklet-processor: 5.0.12
      standardized-audio-context: 25.3.61
      subscribable-things: 2.1.28
      tslib: 2.6.2
      worker-factory: 7.0.16

  regenerator-runtime@0.14.1: {}

  resize-observer-polyfill@1.5.1: {}

  rxjs-interop@2.0.0: {}

  sade@1.8.1:
    dependencies:
      mri: 1.2.0

  semiver@1.1.0: {}

  source-map-js@1.0.2: {}

  standardized-audio-context@25.3.61:
    dependencies:
      '@babel/runtime': 7.23.8
      automation-events: 6.0.13
      tslib: 2.6.2

  subscribable-things@2.1.28:
    dependencies:
      '@babel/runtime': 7.23.8
      rxjs-interop: 2.0.0
      tslib: 2.6.2

  svelte-i18n@3.7.4(svelte@4.2.8):
    dependencies:
      cli-color: 2.0.3
      deepmerge: 4.3.1
      esbuild: 0.19.11
      estree-walker: 2.0.2
      intl-messageformat: 9.13.0
      sade: 1.8.1
      svelte: 4.2.8
      tiny-glob: 0.2.9

  svelte-range-slider-pips@2.0.1: {}

  svelte@4.2.8:
    dependencies:
      '@ampproject/remapping': 2.2.1
      '@jridgewell/sourcemap-codec': 1.4.15
      '@jridgewell/trace-mapping': 0.3.21
      acorn: 8.11.3
      aria-query: 5.3.0
      axobject-query: 3.2.1
      code-red: 1.0.4
      css-tree: 2.3.1
      estree-walker: 3.0.3
      is-reference: 3.0.2
      locate-character: 3.0.0
      magic-string: 0.30.5
      periscopic: 3.1.0

  timers-ext@0.1.7:
    dependencies:
      es5-ext: 0.10.62
      next-tick: 1.1.0

  tiny-glob@0.2.9:
    dependencies:
      globalyzer: 0.1.0
      globrex: 0.1.2

  tslib@2.6.2: {}

  type@1.2.0: {}

  type@2.7.2: {}

  wavesurfer.js@7.4.2: {}

  worker-factory@7.0.16:
    dependencies:
      '@babel/runtime': 7.23.8
      compilerr: 11.0.13
      fast-unique-numbers: 8.0.12
      tslib: 2.6.2

  ws@8.16.0(bufferutil@4.0.8):
    optionalDependencies:
      bufferutil: 4.0.8
